
Microsoft Visual Studio Solution File, Format Version 12.00
# Visual Studio Version 17
VisualStudioVersion = 17.2.32630.192
MinimumVisualStudioVersion = 10.0.40219.1
Project("{9A19103F-16F7-4668-BE54-9A1E7A4F7556}") = "FarmerAdmin", "FarmerAdmin\FarmerAdmin.csproj", "{4CC8F238-AA95-4BC1-BED0-3942AB29C6B3}"
EndProject
Global
	GlobalSection(SolutionConfigurationPlatforms) = preSolution
		Debug|Any CPU = Debug|Any CPU
		Release|Any CPU = Release|Any CPU
	EndGlobalSection
	GlobalSection(ProjectConfigurationPlatforms) = postSolution
		{4CC8F238-AA95-4BC1-BED0-3942AB29C6B3}.Debug|Any CPU.ActiveCfg = Debug|Any CPU
		{4CC8F238-AA95-4BC1-BED0-3942AB29C6B3}.Debug|Any CPU.Build.0 = Debug|Any CPU
		{4CC8F238-AA95-4BC1-BED0-3942AB29C6B3}.Release|Any CPU.ActiveCfg = Release|Any CPU
		{4CC8F238-AA95-4BC1-BED0-3942AB29C6B3}.Release|Any CPU.Build.0 = Release|Any CPU
	EndGlobalSection
	GlobalSection(SolutionProperties) = preSolution
		HideSolutionNode = FALSE
	EndGlobalSection
	GlobalSection(ExtensibilityGlobals) = postSolution
		SolutionGuid = {83220233-6334-4B99-B502-A45F747AAB5F}
	EndGlobalSection
EndGlobal
